// !$*UTF8*$!
{
	archiveVersion = 1;
	classes = {
	};
	objectVersion = 55;
	objects = {

/* Begin PBXBuildFile section */
		C45495B727BE504E00FF2F9E /* AppDelegate.swift in Sources */ = {isa = PBXBuildFile; fileRef = C45495B627BE504E00FF2F9E /* AppDelegate.swift */; };
		C45495B927BE504E00FF2F9E /* SceneDelegate.swift in Sources */ = {isa = PBXBuildFile; fileRef = C45495B827BE504E00FF2F9E /* SceneDelegate.swift */; };
		C45495C027BE505100FF2F9E /* Assets.xcassets in Resources */ = {isa = PBXBuildFile; fileRef = C45495BF27BE505100FF2F9E /* Assets.xcassets */; };
		C45495C327BE505100FF2F9E /* LaunchScreen.storyboard in Resources */ = {isa = PBXBuildFile; fileRef = C45495C127BE505100FF2F9E /* LaunchScreen.storyboard */; };
		C45495CE27BE505100FF2F9E /* GPS_Permission_DemoTests.swift in Sources */ = {isa = PBXBuildFile; fileRef = C45495CD27BE505100FF2F9E /* GPS_Permission_DemoTests.swift */; };
		C45495D827BE505100FF2F9E /* GPS_Permission_DemoUITests.swift in Sources */ = {isa = PBXBuildFile; fileRef = C45495D727BE505100FF2F9E /* GPS_Permission_DemoUITests.swift */; };
		C45495DA27BE505200FF2F9E /* GPS_Permission_DemoUITestsLaunchTests.swift in Sources */ = {isa = PBXBuildFile; fileRef = C45495D927BE505200FF2F9E /* GPS_Permission_DemoUITestsLaunchTests.swift */; };
		C45495E827BE517200FF2F9E /* AuthenticationViewController.swift in Sources */ = {isa = PBXBuildFile; fileRef = C45495E627BE517200FF2F9E /* AuthenticationViewController.swift */; };
		C45495E927BE517200FF2F9E /* AuthenticationViewController.swift in Sources */ = {isa = PBXBuildFile; fileRef = C45495E627BE517200FF2F9E /* AuthenticationViewController.swift */; };
		C45495EA27BE517200FF2F9E /* AuthenticationViewController.swift in Sources */ = {isa = PBXBuildFile; fileRef = C45495E627BE517200FF2F9E /* AuthenticationViewController.swift */; };
		C45495EB27BE517200FF2F9E /* AuthenticationViewController.xib in Resources */ = {isa = PBXBuildFile; fileRef = C45495E727BE517200FF2F9E /* AuthenticationViewController.xib */; };
		C45495EC27BE517200FF2F9E /* AuthenticationViewController.xib in Resources */ = {isa = PBXBuildFile; fileRef = C45495E727BE517200FF2F9E /* AuthenticationViewController.xib */; };
		C45495ED27BE517200FF2F9E /* AuthenticationViewController.xib in Resources */ = {isa = PBXBuildFile; fileRef = C45495E727BE517200FF2F9E /* AuthenticationViewController.xib */; };
		C45495FA27BF3B0300FF2F9E /* MainViewController.swift in Sources */ = {isa = PBXBuildFile; fileRef = C45495F827BF3B0300FF2F9E /* MainViewController.swift */; };
		C45495FB27BF3B0300FF2F9E /* MainViewController.swift in Sources */ = {isa = PBXBuildFile; fileRef = C45495F827BF3B0300FF2F9E /* MainViewController.swift */; };
		C45495FC27BF3B0300FF2F9E /* MainViewController.swift in Sources */ = {isa = PBXBuildFile; fileRef = C45495F827BF3B0300FF2F9E /* MainViewController.swift */; };
		C45495FD27BF3B0300FF2F9E /* MainViewController.xib in Resources */ = {isa = PBXBuildFile; fileRef = C45495F927BF3B0300FF2F9E /* MainViewController.xib */; };
		C45495FE27BF3B0300FF2F9E /* MainViewController.xib in Resources */ = {isa = PBXBuildFile; fileRef = C45495F927BF3B0300FF2F9E /* MainViewController.xib */; };
		C45495FF27BF3B0300FF2F9E /* MainViewController.xib in Resources */ = {isa = PBXBuildFile; fileRef = C45495F927BF3B0300FF2F9E /* MainViewController.xib */; };
		C454960127BF52CF00FF2F9E /* Settings.bundle in Resources */ = {isa = PBXBuildFile; fileRef = C454960027BF52CF00FF2F9E /* Settings.bundle */; };
		C454960227BF52CF00FF2F9E /* Settings.bundle in Resources */ = {isa = PBXBuildFile; fileRef = C454960027BF52CF00FF2F9E /* Settings.bundle */; };
		C454960327BF52CF00FF2F9E /* Settings.bundle in Resources */ = {isa = PBXBuildFile; fileRef = C454960027BF52CF00FF2F9E /* Settings.bundle */; };
/* End PBXBuildFile section */

/* Begin PBXContainerItemProxy section */
		C45495CA27BE505100FF2F9E /* PBXContainerItemProxy */ = {
			isa = PBXContainerItemProxy;
			containerPortal = C45495AB27BE504D00FF2F9E /* Project object */;
			proxyType = 1;
			remoteGlobalIDString = C45495B227BE504D00FF2F9E;
			remoteInfo = "GPS Permission Demo";
		};
		C45495D427BE505100FF2F9E /* PBXContainerItemProxy */ = {
			isa = PBXContainerItemProxy;
			containerPortal = C45495AB27BE504D00FF2F9E /* Project object */;
			proxyType = 1;
			remoteGlobalIDString = C45495B227BE504D00FF2F9E;
			remoteInfo = "GPS Permission Demo";
		};
/* End PBXContainerItemProxy section */

/* Begin PBXFileReference section */
		C45495B327BE504D00FF2F9E /* GPS Permission Demo.app */ = {isa = PBXFileReference; explicitFileType = wrapper.application; includeInIndex = 0; path = "GPS Permission Demo.app"; sourceTree = BUILT_PRODUCTS_DIR; };
		C45495B627BE504E00FF2F9E /* AppDelegate.swift */ = {isa = PBXFileReference; lastKnownFileType = sourcecode.swift; path = AppDelegate.swift; sourceTree = "<group>"; };
		C45495B827BE504E00FF2F9E /* SceneDelegate.swift */ = {isa = PBXFileReference; lastKnownFileType = sourcecode.swift; path = SceneDelegate.swift; sourceTree = "<group>"; };
		C45495BF27BE505100FF2F9E /* Assets.xcassets */ = {isa = PBXFileReference; lastKnownFileType = folder.assetcatalog; path = Assets.xcassets; sourceTree = "<group>"; };
		C45495C227BE505100FF2F9E /* Base */ = {isa = PBXFileReference; lastKnownFileType = file.storyboard; name = Base; path = Base.lproj/LaunchScreen.storyboard; sourceTree = "<group>"; };
		C45495C427BE505100FF2F9E /* Info.plist */ = {isa = PBXFileReference; lastKnownFileType = text.plist.xml; path = Info.plist; sourceTree = "<group>"; };
		C45495C927BE505100FF2F9E /* GPS Permission DemoTests.xctest */ = {isa = PBXFileReference; explicitFileType = wrapper.cfbundle; includeInIndex = 0; path = "GPS Permission DemoTests.xctest"; sourceTree = BUILT_PRODUCTS_DIR; };
		C45495CD27BE505100FF2F9E /* GPS_Permission_DemoTests.swift */ = {isa = PBXFileReference; lastKnownFileType = sourcecode.swift; path = GPS_Permission_DemoTests.swift; sourceTree = "<group>"; };
		C45495D327BE505100FF2F9E /* GPS Permission DemoUITests.xctest */ = {isa = PBXFileReference; explicitFileType = wrapper.cfbundle; includeInIndex = 0; path = "GPS Permission DemoUITests.xctest"; sourceTree = BUILT_PRODUCTS_DIR; };
		C45495D727BE505100FF2F9E /* GPS_Permission_DemoUITests.swift */ = {isa = PBXFileReference; lastKnownFileType = sourcecode.swift; path = GPS_Permission_DemoUITests.swift; sourceTree = "<group>"; };
		C45495D927BE505200FF2F9E /* GPS_Permission_DemoUITestsLaunchTests.swift */ = {isa = PBXFileReference; lastKnownFileType = sourcecode.swift; path = GPS_Permission_DemoUITestsLaunchTests.swift; sourceTree = "<group>"; };
		C45495E627BE517200FF2F9E /* AuthenticationViewController.swift */ = {isa = PBXFileReference; lastKnownFileType = sourcecode.swift; path = AuthenticationViewController.swift; sourceTree = "<group>"; };
		C45495E727BE517200FF2F9E /* AuthenticationViewController.xib */ = {isa = PBXFileReference; lastKnownFileType = file.xib; path = AuthenticationViewController.xib; sourceTree = "<group>"; };
		C45495F827BF3B0300FF2F9E /* MainViewController.swift */ = {isa = PBXFileReference; lastKnownFileType = sourcecode.swift; path = MainViewController.swift; sourceTree = "<group>"; };
		C45495F927BF3B0300FF2F9E /* MainViewController.xib */ = {isa = PBXFileReference; lastKnownFileType = file.xib; path = MainViewController.xib; sourceTree = "<group>"; };
		C454960027BF52CF00FF2F9E /* Settings.bundle */ = {isa = PBXFileReference; lastKnownFileType = "wrapper.plug-in"; path = Settings.bundle; sourceTree = "<group>"; };
/* End PBXFileReference section */

/* Begin PBXFrameworksBuildPhase section */
		C45495B027BE504D00FF2F9E /* Frameworks */ = {
			isa = PBXFrameworksBuildPhase;
			buildActionMask = 2147483647;
			files = (
			);
			runOnlyForDeploymentPostprocessing = 0;
		};
		C45495C627BE505100FF2F9E /* Frameworks */ = {
			isa = PBXFrameworksBuildPhase;
			buildActionMask = 2147483647;
			files = (
			);
			runOnlyForDeploymentPostprocessing = 0;
		};
		C45495D027BE505100FF2F9E /* Frameworks */ = {
			isa = PBXFrameworksBuildPhase;
			buildActionMask = 2147483647;
			files = (
			);
			runOnlyForDeploymentPostprocessing = 0;
		};
/* End PBXFrameworksBuildPhase section */

/* Begin PBXGroup section */
		C45495AA27BE504D00FF2F9E = {
			isa = PBXGroup;
			children = (
				C45495B527BE504D00FF2F9E /* GPS Permission Demo */,
				C45495CC27BE505100FF2F9E /* GPS Permission DemoTests */,
				C45495D627BE505100FF2F9E /* GPS Permission DemoUITests */,
				C45495B427BE504D00FF2F9E /* Products */,
			);
			sourceTree = "<group>";
		};
		C45495B427BE504D00FF2F9E /* Products */ = {
			isa = PBXGroup;
			children = (
				C45495B327BE504D00FF2F9E /* GPS Permission Demo.app */,
				C45495C927BE505100FF2F9E /* GPS Permission DemoTests.xctest */,
				C45495D327BE505100FF2F9E /* GPS Permission DemoUITests.xctest */,
			);
			name = Products;
			sourceTree = "<group>";
		};
		C45495B527BE504D00FF2F9E /* GPS Permission Demo */ = {
			isa = PBXGroup;
			children = (
				C45495EF27BF398300FF2F9E /* main */,
				C45495EE27BE51D500FF2F9E /* authentication */,
				C45495B627BE504E00FF2F9E /* AppDelegate.swift */,
				C45495B827BE504E00FF2F9E /* SceneDelegate.swift */,
				C45495BF27BE505100FF2F9E /* Assets.xcassets */,
				C45495C127BE505100FF2F9E /* LaunchScreen.storyboard */,
				C45495C427BE505100FF2F9E /* Info.plist */,
				C454960027BF52CF00FF2F9E /* Settings.bundle */,
			);
			path = "GPS Permission Demo";
			sourceTree = "<group>";
		};
		C45495CC27BE505100FF2F9E /* GPS Permission DemoTests */ = {
			isa = PBXGroup;
			children = (
				C45495CD27BE505100FF2F9E /* GPS_Permission_DemoTests.swift */,
			);
			path = "GPS Permission DemoTests";
			sourceTree = "<group>";
		};
		C45495D627BE505100FF2F9E /* GPS Permission DemoUITests */ = {
			isa = PBXGroup;
			children = (
				C45495D727BE505100FF2F9E /* GPS_Permission_DemoUITests.swift */,
				C45495D927BE505200FF2F9E /* GPS_Permission_DemoUITestsLaunchTests.swift */,
			);
			path = "GPS Permission DemoUITests";
			sourceTree = "<group>";
		};
		C45495EE27BE51D500FF2F9E /* authentication */ = {
			isa = PBXGroup;
			children = (
				C45495E627BE517200FF2F9E /* AuthenticationViewController.swift */,
				C45495E727BE517200FF2F9E /* AuthenticationViewController.xib */,
			);
			path = authentication;
			sourceTree = "<group>";
		};
		C45495EF27BF398300FF2F9E /* main */ = {
			isa = PBXGroup;
			children = (
				C45495F827BF3B0300FF2F9E /* MainViewController.swift */,
				C45495F927BF3B0300FF2F9E /* MainViewController.xib */,
			);
			path = main;
			sourceTree = "<group>";
		};
/* End PBXGroup section */

/* Begin PBXNativeTarget section */
		C45495B227BE504D00FF2F9E /* GPS Permission Demo */ = {
			isa = PBXNativeTarget;
			buildConfigurationList = C45495DD27BE505200FF2F9E /* Build configuration list for PBXNativeTarget "GPS Permission Demo" */;
			buildPhases = (
				C45495AF27BE504D00FF2F9E /* Sources */,
				C45495B027BE504D00FF2F9E /* Frameworks */,
				C45495B127BE504D00FF2F9E /* Resources */,
			);
			buildRules = (
			);
			dependencies = (
			);
			name = "GPS Permission Demo";
			productName = "GPS Permission Demo";
			productReference = C45495B327BE504D00FF2F9E /* GPS Permission Demo.app */;
			productType = "com.apple.product-type.application";
		};
		C45495C827BE505100FF2F9E /* GPS Permission DemoTests */ = {
			isa = PBXNativeTarget;
			buildConfigurationList = C45495E027BE505200FF2F9E /* Build configuration list for PBXNativeTarget "GPS Permission DemoTests" */;
			buildPhases = (
				C45495C527BE505100FF2F9E /* Sources */,
				C45495C627BE505100FF2F9E /* Frameworks */,
				C45495C727BE505100FF2F9E /* Resources */,
			);
			buildRules = (
			);
			dependencies = (
				C45495CB27BE505100FF2F9E /* PBXTargetDependency */,
			);
			name = "GPS Permission DemoTests";
			productName = "GPS Permission DemoTests";
			productReference = C45495C927BE505100FF2F9E /* GPS Permission DemoTests.xctest */;
			productType = "com.apple.product-type.bundle.unit-test";
		};
		C45495D227BE505100FF2F9E /* GPS Permission DemoUITests */ = {
			isa = PBXNativeTarget;
			buildConfigurationList = C45495E327BE505200FF2F9E /* Build configuration list for PBXNativeTarget "GPS Permission DemoUITests" */;
			buildPhases = (
				C45495CF27BE505100FF2F9E /* Sources */,
				C45495D027BE505100FF2F9E /* Frameworks */,
				C45495D127BE505100FF2F9E /* Resources */,
			);
			buildRules = (
			);
			dependencies = (
				C45495D527BE505100FF2F9E /* PBXTargetDependency */,
			);
			name = "GPS Permission DemoUITests";
			productName = "GPS Permission DemoUITests";
			productReference = C45495D327BE505100FF2F9E /* GPS Permission DemoUITests.xctest */;
			productType = "com.apple.product-type.bundle.ui-testing";
		};
/* End PBXNativeTarget section */

/* Begin PBXProject section */
		C45495AB27BE504D00FF2F9E /* Project object */ = {
			isa = PBXProject;
			attributes = {
				BuildIndependentTargetsInParallel = 1;
				LastSwiftUpdateCheck = 1320;
				LastUpgradeCheck = 1320;
				TargetAttributes = {
					C45495B227BE504D00FF2F9E = {
						CreatedOnToolsVersion = 13.2.1;
					};
					C45495C827BE505100FF2F9E = {
						CreatedOnToolsVersion = 13.2.1;
						TestTargetID = C45495B227BE504D00FF2F9E;
					};
					C45495D227BE505100FF2F9E = {
						CreatedOnToolsVersion = 13.2.1;
						TestTargetID = C45495B227BE504D00FF2F9E;
					};
				};
			};
			buildConfigurationList = C45495AE27BE504D00FF2F9E /* Build configuration list for PBXProject "GPS Permission Demo" */;
			compatibilityVersion = "Xcode 13.0";
			developmentRegion = en;
			hasScannedForEncodings = 0;
			knownRegions = (
				en,
				Base,
			);
			mainGroup = C45495AA27BE504D00FF2F9E;
			productRefGroup = C45495B427BE504D00FF2F9E /* Products */;
			projectDirPath = "";
			projectRoot = "";
			targets = (
				C45495B227BE504D00FF2F9E /* GPS Permission Demo */,
				C45495C827BE505100FF2F9E /* GPS Permission DemoTests */,
				C45495D227BE505100FF2F9E /* GPS Permission DemoUITests */,
			);
		};
/* End PBXProject section */

/* Begin PBXResourcesBuildPhase section */
		C45495B127BE504D00FF2F9E /* Resources */ = {
			isa = PBXResourcesBuildPhase;
			buildActionMask = 2147483647;
			files = (
				C45495C327BE505100FF2F9E /* LaunchScreen.storyboard in Resources */,
				C45495EB27BE517200FF2F9E /* AuthenticationViewController.xib in Resources */,
				C454960127BF52CF00FF2F9E /* Settings.bundle in Resources */,
				C45495C027BE505100FF2F9E /* Assets.xcassets in Resources */,
				C45495FD27BF3B0300FF2F9E /* MainViewController.xib in Resources */,
			);
			runOnlyForDeploymentPostprocessing = 0;
		};
		C45495C727BE505100FF2F9E /* Resources */ = {
			isa = PBXResourcesBuildPhase;
			buildActionMask = 2147483647;
			files = (
				C45495EC27BE517200FF2F9E /* AuthenticationViewController.xib in Resources */,
				C454960227BF52CF00FF2F9E /* Settings.bundle in Resources */,
				C45495FE27BF3B0300FF2F9E /* MainViewController.xib in Resources */,
			);
			runOnlyForDeploymentPostprocessing = 0;
		};
		C45495D127BE505100FF2F9E /* Resources */ = {
			isa = PBXResourcesBuildPhase;
			buildActionMask = 2147483647;
			files = (
				C45495ED27BE517200FF2F9E /* AuthenticationViewController.xib in Resources */,
				C454960327BF52CF00FF2F9E /* Settings.bundle in Resources */,
				C45495FF27BF3B0300FF2F9E /* MainViewController.xib in Resources */,
			);
			runOnlyForDeploymentPostprocessing = 0;
		};
/* End PBXResourcesBuildPhase section */

/* Begin PBXSourcesBuildPhase section */
		C45495AF27BE504D00FF2F9E /* Sources */ = {
			isa = PBXSourcesBuildPhase;
			buildActionMask = 2147483647;
			files = (
				C45495E827BE517200FF2F9E /* AuthenticationViewController.swift in Sources */,
				C45495B727BE504E00FF2F9E /* AppDelegate.swift in Sources */,
				C45495B927BE504E00FF2F9E /* SceneDelegate.swift in Sources */,
				C45495FA27BF3B0300FF2F9E /* MainViewController.swift in Sources */,
			);
			runOnlyForDeploymentPostprocessing = 0;
		};
		C45495C527BE505100FF2F9E /* Sources */ = {
			isa = PBXSourcesBuildPhase;
			buildActionMask = 2147483647;
			files = (
				C45495FB27BF3B0300FF2F9E /* MainViewController.swift in Sources */,
				C45495CE27BE505100FF2F9E /* GPS_Permission_DemoTests.swift in Sources */,
				C45495E927BE517200FF2F9E /* AuthenticationViewController.swift in Sources */,
			);
			runOnlyForDeploymentPostprocessing = 0;
		};
		C45495CF27BE505100FF2F9E /* Sources */ = {
			isa = PBXSourcesBuildPhase;
			buildActionMask = 2147483647;
			files = (
				C45495EA27BE517200FF2F9E /* AuthenticationViewController.swift in Sources */,
				C45495D827BE505100FF2F9E /* GPS_Permission_DemoUITests.swift in Sources */,
				C45495DA27BE505200FF2F9E /* GPS_Permission_DemoUITestsLaunchTests.swift in Sources */,
				C45495FC27BF3B0300FF2F9E /* MainViewController.swift in Sources */,
			);
			runOnlyForDeploymentPostprocessing = 0;
		};
/* End PBXSourcesBuildPhase section */

/* Begin PBXTargetDependency section */
		C45495CB27BE505100FF2F9E /* PBXTargetDependency */ = {
			isa = PBXTargetDependency;
			target = C45495B227BE504D00FF2F9E /* GPS Permission Demo */;
			targetProxy = C45495CA27BE505100FF2F9E /* PBXContainerItemProxy */;
		};
		C45495D527BE505100FF2F9E /* PBXTargetDependency */ = {
			isa = PBXTargetDependency;
			target = C45495B227BE504D00FF2F9E /* GPS Permission Demo */;
			targetProxy = C45495D427BE505100FF2F9E /* PBXContainerItemProxy */;
		};
/* End PBXTargetDependency section */

/* Begin PBXVariantGroup section */
		C45495C127BE505100FF2F9E /* LaunchScreen.storyboard */ = {
			isa = PBXVariantGroup;
			children = (
				C45495C227BE505100FF2F9E /* Base */,
			);
			name = LaunchScreen.storyboard;
			sourceTree = "<group>";
		};
/* End PBXVariantGroup section */

/* Begin XCBuildConfiguration section */
		C45495DB27BE505200FF2F9E /* Debug */ = {
			isa = XCBuildConfiguration;
			buildSettings = {
				ALWAYS_SEARCH_USER_PATHS = NO;
				CLANG_ANALYZER_NONNULL = YES;
				CLANG_ANALYZER_NUMBER_OBJECT_CONVERSION = YES_AGGRESSIVE;
				CLANG_CXX_LANGUAGE_STANDARD = "gnu++17";
				CLANG_CXX_LIBRARY = "libc++";
				CLANG_ENABLE_MODULES = YES;
				CLANG_ENABLE_OBJC_ARC = YES;
				CLANG_ENABLE_OBJC_WEAK = YES;
				CLANG_WARN_BLOCK_CAPTURE_AUTORELEASING = YES;
				CLANG_WARN_BOOL_CONVERSION = YES;
				CLANG_WARN_COMMA = YES;
				CLANG_WARN_CONSTANT_CONVERSION = YES;
				CLANG_WARN_DEPRECATED_OBJC_IMPLEMENTATIONS = YES;
				CLANG_WARN_DIRECT_OBJC_ISA_USAGE = YES_ERROR;
				CLANG_WARN_DOCUMENTATION_COMMENTS = YES;
				CLANG_WARN_EMPTY_BODY = YES;
				CLANG_WARN_ENUM_CONVERSION = YES;
				CLANG_WARN_INFINITE_RECURSION = YES;
				CLANG_WARN_INT_CONVERSION = YES;
				CLANG_WARN_NON_LITERAL_NULL_CONVERSION = YES;
				CLANG_WARN_OBJC_IMPLICIT_RETAIN_SELF = YES;
				CLANG_WARN_OBJC_LITERAL_CONVERSION = YES;
				CLANG_WARN_OBJC_ROOT_CLASS = YES_ERROR;
				CLANG_WARN_QUOTED_INCLUDE_IN_FRAMEWORK_HEADER = YES;
				CLANG_WARN_RANGE_LOOP_ANALYSIS = YES;
				CLANG_WARN_STRICT_PROTOTYPES = YES;
				CLANG_WARN_SUSPICIOUS_MOVE = YES;
				CLANG_WARN_UNGUARDED_AVAILABILITY = YES_AGGRESSIVE;
				CLANG_WARN_UNREACHABLE_CODE = YES;
				CLANG_WARN__DUPLICATE_METHOD_MATCH = YES;
				CODE_SIGN_IDENTITY = "iPhone Developer";
				CODE_SIGN_INJECT_BASE_ENTITLEMENTS = YES;
				CODE_SIGN_STYLE = Automatic;
				COPY_PHASE_STRIP = NO;
				DEBUG_INFORMATION_FORMAT = dwarf;
				ENABLE_STRICT_OBJC_MSGSEND = YES;
				ENABLE_TESTABILITY = YES;
				GCC_C_LANGUAGE_STANDARD = gnu11;
				GCC_DYNAMIC_NO_PIC = NO;
				GCC_NO_COMMON_BLOCKS = YES;
				GCC_OPTIMIZATION_LEVEL = 0;
				GCC_PREPROCESSOR_DEFINITIONS = (
					"DEBUG=1",
					"$(inherited)",
				);
				GCC_WARN_64_TO_32_BIT_CONVERSION = YES;
				GCC_WARN_ABOUT_RETURN_TYPE = YES_ERROR;
				GCC_WARN_UNDECLARED_SELECTOR = YES;
				GCC_WARN_UNINITIALIZED_AUTOS = YES_AGGRESSIVE;
				GCC_WARN_UNUSED_FUNCTION = YES;
				GCC_WARN_UNUSED_VARIABLE = YES;
				IPHONEOS_DEPLOYMENT_TARGET = 9.0;
				MTL_ENABLE_DEBUG_INFO = INCLUDE_SOURCE;
				MTL_FAST_MATH = YES;
				ONLY_ACTIVE_ARCH = YES;
				SDKROOT = iphoneos;
				SWIFT_ACTIVE_COMPILATION_CONDITIONS = DEBUG;
				SWIFT_OPTIMIZATION_LEVEL = "-Onone";
			};
			name = Debug;
		};
		C45495DC27BE505200FF2F9E /* Release */ = {
			isa = XCBuildConfiguration;
			buildSettings = {
				ALWAYS_SEARCH_USER_PATHS = NO;
				CLANG_ANALYZER_NONNULL = YES;
				CLANG_ANALYZER_NUMBER_OBJECT_CONVERSION = YES_AGGRESSIVE;
				CLANG_CXX_LANGUAGE_STANDARD = "gnu++17";
				CLANG_CXX_LIBRARY = "libc++";
				CLANG_ENABLE_MODULES = YES;
				CLANG_ENABLE_OBJC_ARC = YES;
				CLANG_ENABLE_OBJC_WEAK = YES;
				CLANG_WARN_BLOCK_CAPTURE_AUTORELEASING = YES;
				CLANG_WARN_BOOL_CONVERSION = YES;
				CLANG_WARN_COMMA = YES;
				CLANG_WARN_CONSTANT_CONVERSION = YES;
				CLANG_WARN_DEPRECATED_OBJC_IMPLEMENTATIONS = YES;
				CLANG_WARN_DIRECT_OBJC_ISA_USAGE = YES_ERROR;
				CLANG_WARN_DOCUMENTATION_COMMENTS = YES;
				CLANG_WARN_EMPTY_BODY = YES;
				CLANG_WARN_ENUM_CONVERSION = YES;
				CLANG_WARN_INFINITE_RECURSION = YES;
				CLANG_WARN_INT_CONVERSION = YES;
				CLANG_WARN_NON_LITERAL_NULL_CONVERSION = YES;
				CLANG_WARN_OBJC_IMPLICIT_RETAIN_SELF = YES;
				CLANG_WARN_OBJC_LITERAL_CONVERSION = YES;
				CLANG_WARN_OBJC_ROOT_CLASS = YES_ERROR;
				CLANG_WARN_QUOTED_INCLUDE_IN_FRAMEWORK_HEADER = YES;
				CLANG_WARN_RANGE_LOOP_ANALYSIS = YES;
				CLANG_WARN_STRICT_PROTOTYPES = YES;
				CLANG_WARN_SUSPICIOUS_MOVE = YES;
				CLANG_WARN_UNGUARDED_AVAILABILITY = YES_AGGRESSIVE;
				CLANG_WARN_UNREACHABLE_CODE = YES;
				CLANG_WARN__DUPLICATE_METHOD_MATCH = YES;
				CODE_SIGN_IDENTITY = "iPhone Developer";
				CODE_SIGN_INJECT_BASE_ENTITLEMENTS = YES;
				CODE_SIGN_STYLE = Automatic;
				COPY_PHASE_STRIP = NO;
				DEBUG_INFORMATION_FORMAT = "dwarf-with-dsym";
				ENABLE_NS_ASSERTIONS = NO;
				ENABLE_STRICT_OBJC_MSGSEND = YES;
				GCC_C_LANGUAGE_STANDARD = gnu11;
				GCC_NO_COMMON_BLOCKS = YES;
				GCC_WARN_64_TO_32_BIT_CONVERSION = YES;
				GCC_WARN_ABOUT_RETURN_TYPE = YES_ERROR;
				GCC_WARN_UNDECLARED_SELECTOR = YES;
				GCC_WARN_UNINITIALIZED_AUTOS = YES_AGGRESSIVE;
				GCC_WARN_UNUSED_FUNCTION = YES;
				GCC_WARN_UNUSED_VARIABLE = YES;
				IPHONEOS_DEPLOYMENT_TARGET = 9.0;
				MTL_ENABLE_DEBUG_INFO = NO;
				MTL_FAST_MATH = YES;
				SDKROOT = iphoneos;
				SWIFT_COMPILATION_MODE = wholemodule;
				SWIFT_OPTIMIZATION_LEVEL = "-O";
				VALIDATE_PRODUCT = YES;
			};
			name = Release;
		};
		C45495DE27BE505200FF2F9E /* Debug */ = {
			isa = XCBuildConfiguration;
			buildSettings = {
				ASSETCATALOG_COMPILER_APPICON_NAME = AppIcon;
				ASSETCATALOG_COMPILER_GLOBAL_ACCENT_COLOR_NAME = AccentColor;
				CODE_SIGN_IDENTITY = "Apple Development";
				CODE_SIGN_STYLE = Automatic;
				CURRENT_PROJECT_VERSION = 1;
				DEVELOPMENT_TEAM = 7KN74ZHQJ3;
				GENERATE_INFOPLIST_FILE = YES;
				INFOPLIST_FILE = "GPS Permission Demo/Info.plist";
				INFOPLIST_KEY_NSLocationAlwaysAndWhenInUseUsageDescription = "Demo Location Always and When In Use Usage";
				INFOPLIST_KEY_NSLocationWhenInUseUsageDescription = "Demo Location When In Use Usage";
				INFOPLIST_KEY_UIApplicationSupportsIndirectInputEvents = YES;
				INFOPLIST_KEY_UILaunchStoryboardName = LaunchScreen;
				INFOPLIST_KEY_UISupportedInterfaceOrientations_iPad = "UIInterfaceOrientationPortrait UIInterfaceOrientationPortraitUpsideDown UIInterfaceOrientationLandscapeLeft UIInterfaceOrientationLandscapeRight";
				INFOPLIST_KEY_UISupportedInterfaceOrientations_iPhone = "UIInterfaceOrientationPortrait UIInterfaceOrientationLandscapeLeft UIInterfaceOrientationLandscapeRight";
				LD_RUNPATH_SEARCH_PATHS = (
					"$(inherited)",
					"@executable_path/Frameworks",
				);
				MARKETING_VERSION = 1.0;
				PRODUCT_BUNDLE_IDENTIFIER = "com.pnam.GPS-Permission-Demo";
				PRODUCT_NAME = "$(TARGET_NAME)";
				PROVISIONING_PROFILE_SPECIFIER = "";
				SWIFT_EMIT_LOC_STRINGS = YES;
				SWIFT_VERSION = 5.0;
				TARGETED_DEVICE_FAMILY = "1,2";
			};
			name = Debug;
		};
		C45495DF27BE505200FF2F9E /* Release */ = {
			isa = XCBuildConfiguration;
			buildSettings = {
				ASSETCATALOG_COMPILER_APPICON_NAME = AppIcon;
				ASSETCATALOG_COMPILER_GLOBAL_ACCENT_COLOR_NAME = AccentColor;
				CODE_SIGN_IDENTITY = "Apple Development";
				CODE_SIGN_STYLE = Automatic;
				CURRENT_PROJECT_VERSION = 1;
				DEVELOPMENT_TEAM = 7KN74ZHQJ3;
				GENERATE_INFOPLIST_FILE = YES;
				INFOPLIST_FILE = "GPS Permission Demo/Info.plist";
				INFOPLIST_KEY_NSLocationAlwaysAndWhenInUseUsageDescription = "Demo Location Always and When In Use Usage";
				INFOPLIST_KEY_NSLocationWhenInUseUsageDescription = "Demo Location When In Use Usage";
				INFOPLIST_KEY_UIApplicationSupportsIndirectInputEvents = YES;
				INFOPLIST_KEY_UILaunchStoryboardName = LaunchScreen;
				INFOPLIST_KEY_UISupportedInterfaceOrientations_iPad = "UIInterfaceOrientationPortrait UIInterfaceOrientationPortraitUpsideDown UIInterfaceOrientationLandscapeLeft UIInterfaceOrientationLandscapeRight";
				INFOPLIST_KEY_UISupportedInterfaceOrientations_iPhone = "UIInterfaceOrientationPortrait UIInterfaceOrientationLandscapeLeft UIInterfaceOrientationLandscapeRight";
				LD_RUNPATH_SEARCH_PATHS = (
					"$(inherited)",
					"@executable_path/Frameworks",
				);
				MARKETING_VERSION = 1.0;
				PRODUCT_BUNDLE_IDENTIFIER = "com.pnam.GPS-Permission-Demo";
				PRODUCT_NAME = "$(TARGET_NAME)";
				PROVISIONING_PROFILE_SPECIFIER = "";
				SWIFT_EMIT_LOC_STRINGS = YES;
				SWIFT_VERSION = 5.0;
				TARGETED_DEVICE_FAMILY = "1,2";
			};
			name = Release;
		};
		C45495E127BE505200FF2F9E /* Debug */ = {
			isa = XCBuildConfiguration;
			buildSettings = {
				ALWAYS_EMBED_SWIFT_STANDARD_LIBRARIES = YES;
				BUNDLE_LOADER = "$(TEST_HOST)";
				CODE_SIGN_STYLE = Automatic;
				CURRENT_PROJECT_VERSION = 1;
				DEVELOPMENT_TEAM = 7KN74ZHQJ3;
				GENERATE_INFOPLIST_FILE = YES;
				IPHONEOS_DEPLOYMENT_TARGET = 15.2;
				MARKETING_VERSION = 1.0;
				PRODUCT_BUNDLE_IDENTIFIER = "com.pnam.GPS-Permission-DemoTests";
				PRODUCT_NAME = "$(TARGET_NAME)";
				SWIFT_EMIT_LOC_STRINGS = NO;
				SWIFT_VERSION = 5.0;
				TARGETED_DEVICE_FAMILY = "1,2";
				TEST_HOST = "$(BUILT_PRODUCTS_DIR)/GPS Permission Demo.app/GPS Permission Demo";
			};
			name = Debug;
		};
		C45495E227BE505200FF2F9E /* Release */ = {
			isa = XCBuildConfiguration;
			buildSettings = {
				ALWAYS_EMBED_SWIFT_STANDARD_LIBRARIES = YES;
				BUNDLE_LOADER = "$(TEST_HOST)";
				CODE_SIGN_STYLE = Automatic;
				CURRENT_PROJECT_VERSION = 1;
				DEVELOPMENT_TEAM = 7KN74ZHQJ3;
				GENERATE_INFOPLIST_FILE = YES;
				IPHONEOS_DEPLOYMENT_TARGET = 15.2;
				MARKETING_VERSION = 1.0;
				PRODUCT_BUNDLE_IDENTIFIER = "com.pnam.GPS-Permission-DemoTests";
				PRODUCT_NAME = "$(TARGET_NAME)";
				SWIFT_EMIT_LOC_STRINGS = NO;
				SWIFT_VERSION = 5.0;
				TARGETED_DEVICE_FAMILY = "1,2";
				TEST_HOST = "$(BUILT_PRODUCTS_DIR)/GPS Permission Demo.app/GPS Permission Demo";
			};
			name = Release;
		};
		C45495E427BE505200FF2F9E /* Debug */ = {
			isa = XCBuildConfiguration;
			buildSettings = {
				ALWAYS_EMBED_SWIFT_STANDARD_LIBRARIES = YES;
				CODE_SIGN_STYLE = Automatic;
				CURRENT_PROJECT_VERSION = 1;
				DEVELOPMENT_TEAM = 7KN74ZHQJ3;
				GENERATE_INFOPLIST_FILE = YES;
				MARKETING_VERSION = 1.0;
				PRODUCT_BUNDLE_IDENTIFIER = "com.pnam.GPS-Permission-DemoUITests";
				PRODUCT_NAME = "$(TARGET_NAME)";
				SWIFT_EMIT_LOC_STRINGS = NO;
				SWIFT_VERSION = 5.0;
				TARGETED_DEVICE_FAMILY = "1,2";
				TEST_TARGET_NAME = "GPS Permission Demo";
			};
			name = Debug;
		};
		C45495E527BE505200FF2F9E /* Release */ = {
			isa = XCBuildConfiguration;
			buildSettings = {
				ALWAYS_EMBED_SWIFT_STANDARD_LIBRARIES = YES;
				CODE_SIGN_STYLE = Automatic;
				CURRENT_PROJECT_VERSION = 1;
				DEVELOPMENT_TEAM = 7KN74ZHQJ3;
				GENERATE_INFOPLIST_FILE = YES;
				MARKETING_VERSION = 1.0;
				PRODUCT_BUNDLE_IDENTIFIER = "com.pnam.GPS-Permission-DemoUITests";
				PRODUCT_NAME = "$(TARGET_NAME)";
				SWIFT_EMIT_LOC_STRINGS = NO;
				SWIFT_VERSION = 5.0;
				TARGETED_DEVICE_FAMILY = "1,2";
				TEST_TARGET_NAME = "GPS Permission Demo";
			};
			name = Release;
		};
/* End XCBuildConfiguration section */

/* Begin XCConfigurationList section */
		C45495AE27BE504D00FF2F9E /* Build configuration list for PBXProject "GPS Permission Demo" */ = {
			isa = XCConfigurationList;
			buildConfigurations = (
				C45495DB27BE505200FF2F9E /* Debug */,
				C45495DC27BE505200FF2F9E /* Release */,
			);
			defaultConfigurationIsVisible = 0;
			defaultConfigurationName = Debug;
		};
		C45495DD27BE505200FF2F9E /* Build configuration list for PBXNativeTarget "GPS Permission Demo" */ = {
			isa = XCConfigurationList;
			buildConfigurations = (
				C45495DE27BE505200FF2F9E /* Debug */,
				C45495DF27BE505200FF2F9E /* Release */,
			);
			defaultConfigurationIsVisible = 0;
			defaultConfigurationName = Debug;
		};
		C45495E027BE505200FF2F9E /* Build configuration list for PBXNativeTarget "GPS Permission DemoTests" */ = {
			isa = XCConfigurationList;
			buildConfigurations = (
				C45495E127BE505200FF2F9E /* Debug */,
				C45495E227BE505200FF2F9E /* Release */,
			);
			defaultConfigurationIsVisible = 0;
			defaultConfigurationName = Debug;
		};
		C45495E327BE505200FF2F9E /* Build configuration list for PBXNativeTarget "GPS Permission DemoUITests" */ = {
			isa = XCConfigurationList;
			buildConfigurations = (
				C45495E427BE505200FF2F9E /* Debug */,
				C45495E527BE505200FF2F9E /* Release */,
			);
			defaultConfigurationIsVisible = 0;
			defaultConfigurationName = Debug;
		};
/* End XCConfigurationList section */
	};
	rootObject = C45495AB27BE504D00FF2F9E /* Project object */;
}
